
Microsoft Visual Studio Solution File, Format Version 12.00
# Visual Studio 15
Project("{FAE04EC0-301F-11D3-BF4B-00C04F79EFBC}") = "Assembly-CSharp", "Assembly-CSharp.csproj", "{CE023A54-630E-1EB0-FCA4-0EC2E1C90E20}"
EndProject
Project("{FAE04EC0-301F-11D3-BF4B-00C04F79EFBC}") = "PhotonWebSocket", "PhotonWebSocket.csproj", "{CEDF9D07-1717-2826-8506-FA088E48A871}"
EndProject
Project("{FAE04EC0-301F-11D3-BF4B-00C04F79EFBC}") = "Assembly-CSharp-Editor", "Assembly-CSharp-Editor.csproj", "{40A61439-A1D2-1A4D-6AD1-654F66F4FDBB}"
EndProject
Global
	GlobalSection(SolutionConfigurationPlatforms) = preSolution
		Debug|Any CPU = Debug|Any CPU
		Release|Any CPU = Release|Any CPU
	EndGlobalSection
	GlobalSection(ProjectConfigurationPlatforms) = postSolution
		{CE023A54-630E-1EB0-FCA4-0EC2E1C90E20}.Debug|Any CPU.ActiveCfg = Debug|Any CPU
		{CE023A54-630E-1EB0-FCA4-0EC2E1C90E20}.Debug|Any CPU.Build.0 = Debug|Any CPU
		{CE023A54-630E-1EB0-FCA4-0EC2E1C90E20}.Release|Any CPU.ActiveCfg = Release|Any CPU
		{CE023A54-630E-1EB0-FCA4-0EC2E1C90E20}.Release|Any CPU.Build.0 = Release|Any CPU
		{CEDF9D07-1717-2826-8506-FA088E48A871}.Debug|Any CPU.ActiveCfg = Debug|Any CPU
		{CEDF9D07-1717-2826-8506-FA088E48A871}.Debug|Any CPU.Build.0 = Debug|Any CPU
		{CEDF9D07-1717-2826-8506-FA088E48A871}.Release|Any CPU.ActiveCfg = Release|Any CPU
		{CEDF9D07-1717-2826-8506-FA088E48A871}.Release|Any CPU.Build.0 = Release|Any CPU
		{40A61439-A1D2-1A4D-6AD1-654F66F4FDBB}.Debug|Any CPU.ActiveCfg = Debug|Any CPU
		{40A61439-A1D2-1A4D-6AD1-654F66F4FDBB}.Debug|Any CPU.Build.0 = Debug|Any CPU
		{40A61439-A1D2-1A4D-6AD1-654F66F4FDBB}.Release|Any CPU.ActiveCfg = Release|Any CPU
		{40A61439-A1D2-1A4D-6AD1-654F66F4FDBB}.Release|Any CPU.Build.0 = Release|Any CPU
	EndGlobalSection
	GlobalSection(SolutionProperties) = preSolution
		HideSolutionNode = FALSE
	EndGlobalSection
EndGlobal
